github.com/hitzhangjie/gorpc-cli v0.0.0-20200921123609-5e0384c7cdda h1:iJC8puAJW6rEGDVet31XMMmSIlqhrdj6Ky/SAVyUdrs=
github.com/hitzhangjie/log v0.0.0-20200921121103-c3dff383841a h1:icCs//s6cTrKXx1CNwBhu5P4sbl9lz5gdSGmykCAemk=
github.com/hitzhangjie/log v0.0.0-20200921121103-c3dff383841a/go.mod h1:ZZ+NyWIoGzWSXz0pxxHe9XVvYJ24SaLTsndZATlfw9I=
